
Microsoft Visual Studio Solution File, Format Version 12.00
# Visual Studio Version 18
VisualStudioVersion = 18.3.11218.70
MinimumVisualStudioVersion = 10.0.40219.1
Project("{FAE04EC0-301F-11D3-BF4B-00C04F79EFBC}") = "Su.Revit.HelixToolkit.SharpDX", "Su.Revit.HelixToolkit.SharpDX.csproj", "{39CA90F9-279F-7D41-AFA3-6053B9A602E7}"
EndProject
Global
	GlobalSection(SolutionConfigurationPlatforms) = preSolution
		RVT_13_D|Any CPU = RVT_13_D|Any CPU
		RVT_13|Any CPU = RVT_13|Any CPU
		RVT_14_D|Any CPU = RVT_14_D|Any CPU
		RVT_14|Any CPU = RVT_14|Any CPU
		RVT_15_D|Any CPU = RVT_15_D|Any CPU
		RVT_15|Any CPU = RVT_15|Any CPU
		RVT_16_D|Any CPU = RVT_16_D|Any CPU
		RVT_16|Any CPU = RVT_16|Any CPU
		RVT_17_D|Any CPU = RVT_17_D|Any CPU
		RVT_17|Any CPU = RVT_17|Any CPU
		RVT_18_D|Any CPU = RVT_18_D|Any CPU
		RVT_18|Any CPU = RVT_18|Any CPU
		RVT_19_D|Any CPU = RVT_19_D|Any CPU
		RVT_19|Any CPU = RVT_19|Any CPU
		RVT_20_D|Any CPU = RVT_20_D|Any CPU
		RVT_20|Any CPU = RVT_20|Any CPU
		RVT_21_D|Any CPU = RVT_21_D|Any CPU
		RVT_21|Any CPU = RVT_21|Any CPU
		RVT_22_D|Any CPU = RVT_22_D|Any CPU
		RVT_22|Any CPU = RVT_22|Any CPU
		RVT_23_D|Any CPU = RVT_23_D|Any CPU
		RVT_23|Any CPU = RVT_23|Any CPU
		RVT_24_D|Any CPU = RVT_24_D|Any CPU
		RVT_24|Any CPU = RVT_24|Any CPU
		RVT_25_D|Any CPU = RVT_25_D|Any CPU
		RVT_25|Any CPU = RVT_25|Any CPU
		RVT_26_D|Any CPU = RVT_26_D|Any CPU
		RVT_26|Any CPU = RVT_26|Any CPU
	EndGlobalSection
	GlobalSection(ProjectConfigurationPlatforms) = postSolution
		{39CA90F9-279F-7D41-AFA3-6053B9A602E7}.RVT_13_D|Any CPU.ActiveCfg = RVT_13_D|Any CPU
		{39CA90F9-279F-7D41-AFA3-6053B9A602E7}.RVT_13_D|Any CPU.Build.0 = RVT_13_D|Any CPU
		{39CA90F9-279F-7D41-AFA3-6053B9A602E7}.RVT_13|Any CPU.ActiveCfg = RVT_13|Any CPU
		{39CA90F9-279F-7D41-AFA3-6053B9A602E7}.RVT_13|Any CPU.Build.0 = RVT_13|Any CPU
		{39CA90F9-279F-7D41-AFA3-6053B9A602E7}.RVT_14_D|Any CPU.ActiveCfg = RVT_14_D|Any CPU
		{39CA90F9-279F-7D41-AFA3-6053B9A602E7}.RVT_14_D|Any CPU.Build.0 = RVT_14_D|Any CPU
		{39CA90F9-279F-7D41-AFA3-6053B9A602E7}.RVT_14|Any CPU.ActiveCfg = RVT_14|Any CPU
		{39CA90F9-279F-7D41-AFA3-6053B9A602E7}.RVT_14|Any CPU.Build.0 = RVT_14|Any CPU
		{39CA90F9-279F-7D41-AFA3-6053B9A602E7}.RVT_15_D|Any CPU.ActiveCfg = RVT_15_D|Any CPU
		{39CA90F9-279F-7D41-AFA3-6053B9A602E7}.RVT_15_D|Any CPU.Build.0 = RVT_15_D|Any CPU
		{39CA90F9-279F-7D41-AFA3-6053B9A602E7}.RVT_15|Any CPU.ActiveCfg = RVT_15|Any CPU
		{39CA90F9-279F-7D41-AFA3-6053B9A602E7}.RVT_15|Any CPU.Build.0 = RVT_15|Any CPU
		{39CA90F9-279F-7D41-AFA3-6053B9A602E7}.RVT_16_D|Any CPU.ActiveCfg = RVT_16_D|Any CPU
		{39CA90F9-279F-7D41-AFA3-6053B9A602E7}.RVT_16_D|Any CPU.Build.0 = RVT_16_D|Any CPU
		{39CA90F9-279F-7D41-AFA3-6053B9A602E7}.RVT_16|Any CPU.ActiveCfg = RVT_16|Any CPU
		{39CA90F9-279F-7D41-AFA3-6053B9A602E7}.RVT_16|Any CPU.Build.0 = RVT_16|Any CPU
		{39CA90F9-279F-7D41-AFA3-6053B9A602E7}.RVT_17_D|Any CPU.ActiveCfg = RVT_17_D|Any CPU
		{39CA90F9-279F-7D41-AFA3-6053B9A602E7}.RVT_17_D|Any CPU.Build.0 = RVT_17_D|Any CPU
		{39CA90F9-279F-7D41-AFA3-6053B9A602E7}.RVT_17|Any CPU.ActiveCfg = RVT_17|Any CPU
		{39CA90F9-279F-7D41-AFA3-6053B9A602E7}.RVT_17|Any CPU.Build.0 = RVT_17|Any CPU
		{39CA90F9-279F-7D41-AFA3-6053B9A602E7}.RVT_18_D|Any CPU.ActiveCfg = RVT_18_D|Any CPU
		{39CA90F9-279F-7D41-AFA3-6053B9A602E7}.RVT_18_D|Any CPU.Build.0 = RVT_18_D|Any CPU
		{39CA90F9-279F-7D41-AFA3-6053B9A602E7}.RVT_18|Any CPU.ActiveCfg = RVT_18|Any CPU
		{39CA90F9-279F-7D41-AFA3-6053B9A602E7}.RVT_18|Any CPU.Build.0 = RVT_18|Any CPU
		{39CA90F9-279F-7D41-AFA3-6053B9A602E7}.RVT_19_D|Any CPU.ActiveCfg = RVT_19_D|Any CPU
		{39CA90F9-279F-7D41-AFA3-6053B9A602E7}.RVT_19_D|Any CPU.Build.0 = RVT_19_D|Any CPU
		{39CA90F9-279F-7D41-AFA3-6053B9A602E7}.RVT_19|Any CPU.ActiveCfg = RVT_19|Any CPU
		{39CA90F9-279F-7D41-AFA3-6053B9A602E7}.RVT_19|Any CPU.Build.0 = RVT_19|Any CPU
		{39CA90F9-279F-7D41-AFA3-6053B9A602E7}.RVT_20_D|Any CPU.ActiveCfg = RVT_20_D|Any CPU
		{39CA90F9-279F-7D41-AFA3-6053B9A602E7}.RVT_20_D|Any CPU.Build.0 = RVT_20_D|Any CPU
		{39CA90F9-279F-7D41-AFA3-6053B9A602E7}.RVT_20|Any CPU.ActiveCfg = RVT_20|Any CPU
		{39CA90F9-279F-7D41-AFA3-6053B9A602E7}.RVT_20|Any CPU.Build.0 = RVT_20|Any CPU
		{39CA90F9-279F-7D41-AFA3-6053B9A602E7}.RVT_21_D|Any CPU.ActiveCfg = RVT_21_D|Any CPU
		{39CA90F9-279F-7D41-AFA3-6053B9A602E7}.RVT_21_D|Any CPU.Build.0 = RVT_21_D|Any CPU
		{39CA90F9-279F-7D41-AFA3-6053B9A602E7}.RVT_21|Any CPU.ActiveCfg = RVT_21|Any CPU
		{39CA90F9-279F-7D41-AFA3-6053B9A602E7}.RVT_21|Any CPU.Build.0 = RVT_21|Any CPU
		{39CA90F9-279F-7D41-AFA3-6053B9A602E7}.RVT_22_D|Any CPU.ActiveCfg = RVT_22_D|Any CPU
		{39CA90F9-279F-7D41-AFA3-6053B9A602E7}.RVT_22_D|Any CPU.Build.0 = RVT_22_D|Any CPU
		{39CA90F9-279F-7D41-AFA3-6053B9A602E7}.RVT_22|Any CPU.ActiveCfg = RVT_22|Any CPU
		{39CA90F9-279F-7D41-AFA3-6053B9A602E7}.RVT_22|Any CPU.Build.0 = RVT_22|Any CPU
		{39CA90F9-279F-7D41-AFA3-6053B9A602E7}.RVT_23_D|Any CPU.ActiveCfg = RVT_23_D|Any CPU
		{39CA90F9-279F-7D41-AFA3-6053B9A602E7}.RVT_23_D|Any CPU.Build.0 = RVT_23_D|Any CPU
		{39CA90F9-279F-7D41-AFA3-6053B9A602E7}.RVT_23|Any CPU.ActiveCfg = RVT_23|Any CPU
		{39CA90F9-279F-7D41-AFA3-6053B9A602E7}.RVT_23|Any CPU.Build.0 = RVT_23|Any CPU
		{39CA90F9-279F-7D41-AFA3-6053B9A602E7}.RVT_24_D|Any CPU.ActiveCfg = RVT_24_D|Any CPU
		{39CA90F9-279F-7D41-AFA3-6053B9A602E7}.RVT_24_D|Any CPU.Build.0 = RVT_24_D|Any CPU
		{39CA90F9-279F-7D41-AFA3-6053B9A602E7}.RVT_24|Any CPU.ActiveCfg = RVT_24|Any CPU
		{39CA90F9-279F-7D41-AFA3-6053B9A602E7}.RVT_24|Any CPU.Build.0 = RVT_24|Any CPU
		{39CA90F9-279F-7D41-AFA3-6053B9A602E7}.RVT_25_D|Any CPU.ActiveCfg = RVT_25_D|Any CPU
		{39CA90F9-279F-7D41-AFA3-6053B9A602E7}.RVT_25_D|Any CPU.Build.0 = RVT_25_D|Any CPU
		{39CA90F9-279F-7D41-AFA3-6053B9A602E7}.RVT_25|Any CPU.ActiveCfg = RVT_25|Any CPU
		{39CA90F9-279F-7D41-AFA3-6053B9A602E7}.RVT_25|Any CPU.Build.0 = RVT_25|Any CPU
		{39CA90F9-279F-7D41-AFA3-6053B9A602E7}.RVT_26_D|Any CPU.ActiveCfg = RVT_26_D|Any CPU
		{39CA90F9-279F-7D41-AFA3-6053B9A602E7}.RVT_26_D|Any CPU.Build.0 = RVT_26_D|Any CPU
		{39CA90F9-279F-7D41-AFA3-6053B9A602E7}.RVT_26|Any CPU.ActiveCfg = RVT_26|Any CPU
		{39CA90F9-279F-7D41-AFA3-6053B9A602E7}.RVT_26|Any CPU.Build.0 = RVT_26|Any CPU
	EndGlobalSection
	GlobalSection(SolutionProperties) = preSolution
		HideSolutionNode = FALSE
	EndGlobalSection
	GlobalSection(ExtensibilityGlobals) = postSolution
		SolutionGuid = {A1C8C578-8FB4-4F32-A97F-C3FF275FFDA7}
	EndGlobalSection
EndGlobal
